
Microsoft Visual Studio Solution File, Format Version 12.00
# Visual Studio Version 16
VisualStudioVersion = 16.0.30406.217
MinimumVisualStudioVersion = 10.0.40219.1
Project("{8BC9CEB8-8B4A-11D0-8D11-00A0C91BC942}") = "Exercise1", "Exercise1\Exercise1.vcxproj", "{4FC7FCC8-062F-47FC-8F7F-D78CA15E4C9F}"
EndProject
Project("{8BC9CEB8-8B4A-11D0-8D11-00A0C91BC942}") = "Exercise2", "Exercise2\Exercise2.vcxproj", "{F4F841C9-6A41-4810-A436-F2284BEE3836}"
EndProject
Project("{8BC9CEB8-8B4A-11D0-8D11-00A0C91BC942}") = "Exercise3", "Exercise3\Exercise3.vcxproj", "{58009CF2-F43B-4AED-A538-167EE7A9700F}"
EndProject
Project("{2150E333-8FDC-42A3-9474-1A3956D46DE8}") = "01", "01", "{0AEF0352-3B00-4698-849E-EB82D0D32AD5}"
EndProject
Project("{2150E333-8FDC-42A3-9474-1A3956D46DE8}") = "02", "02", "{1FAF4B0D-48FF-4846-AAA2-A58A9687ABD6}"
EndProject
Project("{8BC9CEB8-8B4A-11D0-8D11-00A0C91BC942}") = "Exercise5", "Exercise5\Exercise5.vcxproj", "{505F655B-E522-4996-8A90-70F56AF3A0E1}"
EndProject
Project("{8BC9CEB8-8B4A-11D0-8D11-00A0C91BC942}") = "Exercise4", "Exercise4\Exercise4.vcxproj", "{5FE97CE1-FEE3-4589-9B09-D34A97A3FB89}"
EndProject
Project("{8BC9CEB8-8B4A-11D0-8D11-00A0C91BC942}") = "Exercise6", "Exercise6\Exercise6.vcxproj", "{024FEE74-D77A-444A-AB64-A5D6E5D09D8F}"
EndProject
Project("{2150E333-8FDC-42A3-9474-1A3956D46DE8}") = "03", "03", "{642D33C1-9CBD-40F3-A6FE-39683A3DF3D5}"
EndProject
Project("{8BC9CEB8-8B4A-11D0-8D11-00A0C91BC942}") = "Exercise7", "Exercise7\Exercise7.vcxproj", "{B95D2581-831D-4C62-97B6-5B912B1C55D3}"
EndProject
Project("{8BC9CEB8-8B4A-11D0-8D11-00A0C91BC942}") = "Bikes", "Bikes\Bikes.vcxproj", "{2A744F10-5532-4C9E-8D05-F0F336DF0148}"
EndProject
Project("{2150E333-8FDC-42A3-9474-1A3956D46DE8}") = "Final", "Final", "{F8875286-0F66-47FF-8EA9-BC53E122FAC8}"
EndProject
Global
	GlobalSection(SolutionConfigurationPlatforms) = preSolution
		Debug|ARM = Debug|ARM
		Debug|ARM64 = Debug|ARM64
		Debug|x64 = Debug|x64
		Debug|x86 = Debug|x86
		Release|ARM = Release|ARM
		Release|ARM64 = Release|ARM64
		Release|x64 = Release|x64
		Release|x86 = Release|x86
	EndGlobalSection
	GlobalSection(ProjectConfigurationPlatforms) = postSolution
		{4FC7FCC8-062F-47FC-8F7F-D78CA15E4C9F}.Debug|ARM.ActiveCfg = Debug|ARM
		{4FC7FCC8-062F-47FC-8F7F-D78CA15E4C9F}.Debug|ARM.Build.0 = Debug|ARM
		{4FC7FCC8-062F-47FC-8F7F-D78CA15E4C9F}.Debug|ARM.Deploy.0 = Debug|ARM
		{4FC7FCC8-062F-47FC-8F7F-D78CA15E4C9F}.Debug|ARM64.ActiveCfg = Debug|ARM64
		{4FC7FCC8-062F-47FC-8F7F-D78CA15E4C9F}.Debug|ARM64.Build.0 = Debug|ARM64
		{4FC7FCC8-062F-47FC-8F7F-D78CA15E4C9F}.Debug|ARM64.Deploy.0 = Debug|ARM64
		{4FC7FCC8-062F-47FC-8F7F-D78CA15E4C9F}.Debug|x64.ActiveCfg = Debug|x64
		{4FC7FCC8-062F-47FC-8F7F-D78CA15E4C9F}.Debug|x64.Build.0 = Debug|x64
		{4FC7FCC8-062F-47FC-8F7F-D78CA15E4C9F}.Debug|x64.Deploy.0 = Debug|x64
		{4FC7FCC8-062F-47FC-8F7F-D78CA15E4C9F}.Debug|x86.ActiveCfg = Debug|x86
		{4FC7FCC8-062F-47FC-8F7F-D78CA15E4C9F}.Debug|x86.Build.0 = Debug|x86
		{4FC7FCC8-062F-47FC-8F7F-D78CA15E4C9F}.Debug|x86.Deploy.0 = Debug|x86
		{4FC7FCC8-062F-47FC-8F7F-D78CA15E4C9F}.Release|ARM.ActiveCfg = Release|ARM
		{4FC7FCC8-062F-47FC-8F7F-D78CA15E4C9F}.Release|ARM.Build.0 = Release|ARM
		{4FC7FCC8-062F-47FC-8F7F-D78CA15E4C9F}.Release|ARM.Deploy.0 = Release|ARM
		{4FC7FCC8-062F-47FC-8F7F-D78CA15E4C9F}.Release|ARM64.ActiveCfg = Release|ARM64
		{4FC7FCC8-062F-47FC-8F7F-D78CA15E4C9F}.Release|ARM64.Build.0 = Release|ARM64
		{4FC7FCC8-062F-47FC-8F7F-D78CA15E4C9F}.Release|ARM64.Deploy.0 = Release|ARM64
		{4FC7FCC8-062F-47FC-8F7F-D78CA15E4C9F}.Release|x64.ActiveCfg = Release|x64
		{4FC7FCC8-062F-47FC-8F7F-D78CA15E4C9F}.Release|x64.Build.0 = Release|x64
		{4FC7FCC8-062F-47FC-8F7F-D78CA15E4C9F}.Release|x64.Deploy.0 = Release|x64
		{4FC7FCC8-062F-47FC-8F7F-D78CA15E4C9F}.Release|x86.ActiveCfg = Release|x86
		{4FC7FCC8-062F-47FC-8F7F-D78CA15E4C9F}.Release|x86.Build.0 = Release|x86
		{4FC7FCC8-062F-47FC-8F7F-D78CA15E4C9F}.Release|x86.Deploy.0 = Release|x86
		{F4F841C9-6A41-4810-A436-F2284BEE3836}.Debug|ARM.ActiveCfg = Debug|ARM
		{F4F841C9-6A41-4810-A436-F2284BEE3836}.Debug|ARM.Build.0 = Debug|ARM
		{F4F841C9-6A41-4810-A436-F2284BEE3836}.Debug|ARM.Deploy.0 = Debug|ARM
		{F4F841C9-6A41-4810-A436-F2284BEE3836}.Debug|ARM64.ActiveCfg = Debug|ARM64
		{F4F841C9-6A41-4810-A436-F2284BEE3836}.Debug|ARM64.Build.0 = Debug|ARM64
		{F4F841C9-6A41-4810-A436-F2284BEE3836}.Debug|ARM64.Deploy.0 = Debug|ARM64
		{F4F841C9-6A41-4810-A436-F2284BEE3836}.Debug|x64.ActiveCfg = Debug|x64
		{F4F841C9-6A41-4810-A436-F2284BEE3836}.Debug|x64.Build.0 = Debug|x64
		{F4F841C9-6A41-4810-A436-F2284BEE3836}.Debug|x64.Deploy.0 = Debug|x64
		{F4F841C9-6A41-4810-A436-F2284BEE3836}.Debug|x86.ActiveCfg = Debug|x86
		{F4F841C9-6A41-4810-A436-F2284BEE3836}.Debug|x86.Build.0 = Debug|x86
		{F4F841C9-6A41-4810-A436-F2284BEE3836}.Debug|x86.Deploy.0 = Debug|x86
		{F4F841C9-6A41-4810-A436-F2284BEE3836}.Release|ARM.ActiveCfg = Release|ARM
		{F4F841C9-6A41-4810-A436-F2284BEE3836}.Release|ARM.Build.0 = Release|ARM
		{F4F841C9-6A41-4810-A436-F2284BEE3836}.Release|ARM.Deploy.0 = Release|ARM
		{F4F841C9-6A41-4810-A436-F2284BEE3836}.Release|ARM64.ActiveCfg = Release|ARM64
		{F4F841C9-6A41-4810-A436-F2284BEE3836}.Release|ARM64.Build.0 = Release|ARM64
		{F4F841C9-6A41-4810-A436-F2284BEE3836}.Release|ARM64.Deploy.0 = Release|ARM64
		{F4F841C9-6A41-4810-A436-F2284BEE3836}.Release|x64.ActiveCfg = Release|x64
		{F4F841C9-6A41-4810-A436-F2284BEE3836}.Release|x64.Build.0 = Release|x64
		{F4F841C9-6A41-4810-A436-F2284BEE3836}.Release|x64.Deploy.0 = Release|x64
		{F4F841C9-6A41-4810-A436-F2284BEE3836}.Release|x86.ActiveCfg = Release|x86
		{F4F841C9-6A41-4810-A436-F2284BEE3836}.Release|x86.Build.0 = Release|x86
		{F4F841C9-6A41-4810-A436-F2284BEE3836}.Release|x86.Deploy.0 = Release|x86
		{58009CF2-F43B-4AED-A538-167EE7A9700F}.Debug|ARM.ActiveCfg = Debug|ARM
		{58009CF2-F43B-4AED-A538-167EE7A9700F}.Debug|ARM.Build.0 = Debug|ARM
		{58009CF2-F43B-4AED-A538-167EE7A9700F}.Debug|ARM.Deploy.0 = Debug|ARM
		{58009CF2-F43B-4AED-A538-167EE7A9700F}.Debug|ARM64.ActiveCfg = Debug|ARM64
		{58009CF2-F43B-4AED-A538-167EE7A9700F}.Debug|ARM64.Build.0 = Debug|ARM64
		{58009CF2-F43B-4AED-A538-167EE7A9700F}.Debug|ARM64.Deploy.0 = Debug|ARM64
		{58009CF2-F43B-4AED-A538-167EE7A9700F}.Debug|x64.ActiveCfg = Debug|x64
		{58009CF2-F43B-4AED-A538-167EE7A9700F}.Debug|x64.Build.0 = Debug|x64
		{58009CF2-F43B-4AED-A538-167EE7A9700F}.Debug|x64.Deploy.0 = Debug|x64
		{58009CF2-F43B-4AED-A538-167EE7A9700F}.Debug|x86.ActiveCfg = Debug|x86
		{58009CF2-F43B-4AED-A538-167EE7A9700F}.Debug|x86.Build.0 = Debug|x86
		{58009CF2-F43B-4AED-A538-167EE7A9700F}.Debug|x86.Deploy.0 = Debug|x86
		{58009CF2-F43B-4AED-A538-167EE7A9700F}.Release|ARM.ActiveCfg = Release|ARM
		{58009CF2-F43B-4AED-A538-167EE7A9700F}.Release|ARM.Build.0 = Release|ARM
		{58009CF2-F43B-4AED-A538-167EE7A9700F}.Release|ARM.Deploy.0 = Release|ARM
		{58009CF2-F43B-4AED-A538-167EE7A9700F}.Release|ARM64.ActiveCfg = Release|ARM64
		{58009CF2-F43B-4AED-A538-167EE7A9700F}.Release|ARM64.Build.0 = Release|ARM64
		{58009CF2-F43B-4AED-A538-167EE7A9700F}.Release|ARM64.Deploy.0 = Release|ARM64
		{58009CF2-F43B-4AED-A538-167EE7A9700F}.Release|x64.ActiveCfg = Release|x64
		{58009CF2-F43B-4AED-A538-167EE7A9700F}.Release|x64.Build.0 = Release|x64
		{58009CF2-F43B-4AED-A538-167EE7A9700F}.Release|x64.Deploy.0 = Release|x64
		{58009CF2-F43B-4AED-A538-167EE7A9700F}.Release|x86.ActiveCfg = Release|x86
		{58009CF2-F43B-4AED-A538-167EE7A9700F}.Release|x86.Build.0 = Release|x86
		{58009CF2-F43B-4AED-A538-167EE7A9700F}.Release|x86.Deploy.0 = Release|x86
		{505F655B-E522-4996-8A90-70F56AF3A0E1}.Debug|ARM.ActiveCfg = Debug|ARM
		{505F655B-E522-4996-8A90-70F56AF3A0E1}.Debug|ARM.Build.0 = Debug|ARM
		{505F655B-E522-4996-8A90-70F56AF3A0E1}.Debug|ARM.Deploy.0 = Debug|ARM
		{505F655B-E522-4996-8A90-70F56AF3A0E1}.Debug|ARM64.ActiveCfg = Debug|ARM64
		{505F655B-E522-4996-8A90-70F56AF3A0E1}.Debug|ARM64.Build.0 = Debug|ARM64
		{505F655B-E522-4996-8A90-70F56AF3A0E1}.Debug|ARM64.Deploy.0 = Debug|ARM64
		{505F655B-E522-4996-8A90-70F56AF3A0E1}.Debug|x64.ActiveCfg = Debug|x64
		{505F655B-E522-4996-8A90-70F56AF3A0E1}.Debug|x64.Build.0 = Debug|x64
		{505F655B-E522-4996-8A90-70F56AF3A0E1}.Debug|x64.Deploy.0 = Debug|x64
		{505F655B-E522-4996-8A90-70F56AF3A0E1}.Debug|x86.ActiveCfg = Debug|x86
		{505F655B-E522-4996-8A90-70F56AF3A0E1}.Debug|x86.Build.0 = Debug|x86
		{505F655B-E522-4996-8A90-70F56AF3A0E1}.Debug|x86.Deploy.0 = Debug|x86
		{505F655B-E522-4996-8A90-70F56AF3A0E1}.Release|ARM.ActiveCfg = Release|ARM
		{505F655B-E522-4996-8A90-70F56AF3A0E1}.Release|ARM.Build.0 = Release|ARM
		{505F655B-E522-4996-8A90-70F56AF3A0E1}.Release|ARM.Deploy.0 = Release|ARM
		{505F655B-E522-4996-8A90-70F56AF3A0E1}.Release|ARM64.ActiveCfg = Release|ARM64
		{505F655B-E522-4996-8A90-70F56AF3A0E1}.Release|ARM64.Build.0 = Release|ARM64
		{505F655B-E522-4996-8A90-70F56AF3A0E1}.Release|ARM64.Deploy.0 = Release|ARM64
		{505F655B-E522-4996-8A90-70F56AF3A0E1}.Release|x64.ActiveCfg = Release|x64
		{505F655B-E522-4996-8A90-70F56AF3A0E1}.Release|x64.Build.0 = Release|x64
		{505F655B-E522-4996-8A90-70F56AF3A0E1}.Release|x64.Deploy.0 = Release|x64
		{505F655B-E522-4996-8A90-70F56AF3A0E1}.Release|x86.ActiveCfg = Release|x86
		{505F655B-E522-4996-8A90-70F56AF3A0E1}.Release|x86.Build.0 = Release|x86
		{505F655B-E522-4996-8A90-70F56AF3A0E1}.Release|x86.Deploy.0 = Release|x86
		{5FE97CE1-FEE3-4589-9B09-D34A97A3FB89}.Debug|ARM.ActiveCfg = Debug|ARM
		{5FE97CE1-FEE3-4589-9B09-D34A97A3FB89}.Debug|ARM.Build.0 = Debug|ARM
		{5FE97CE1-FEE3-4589-9B09-D34A97A3FB89}.Debug|ARM.Deploy.0 = Debug|ARM
		{5FE97CE1-FEE3-4589-9B09-D34A97A3FB89}.Debug|ARM64.ActiveCfg = Debug|ARM64
		{5FE97CE1-FEE3-4589-9B09-D34A97A3FB89}.Debug|ARM64.Build.0 = Debug|ARM64
		{5FE97CE1-FEE3-4589-9B09-D34A97A3FB89}.Debug|ARM64.Deploy.0 = Debug|ARM64
		{5FE97CE1-FEE3-4589-9B09-D34A97A3FB89}.Debug|x64.ActiveCfg = Debug|x64
		{5FE97CE1-FEE3-4589-9B09-D34A97A3FB89}.Debug|x64.Build.0 = Debug|x64
		{5FE97CE1-FEE3-4589-9B09-D34A97A3FB89}.Debug|x64.Deploy.0 = Debug|x64
		{5FE97CE1-FEE3-4589-9B09-D34A97A3FB89}.Debug|x86.ActiveCfg = Debug|x86
		{5FE97CE1-FEE3-4589-9B09-D34A97A3FB89}.Debug|x86.Build.0 = Debug|x86
		{5FE97CE1-FEE3-4589-9B09-D34A97A3FB89}.Debug|x86.Deploy.0 = Debug|x86
		{5FE97CE1-FEE3-4589-9B09-D34A97A3FB89}.Release|ARM.ActiveCfg = Release|ARM
		{5FE97CE1-FEE3-4589-9B09-D34A97A3FB89}.Release|ARM.Build.0 = Release|ARM
		{5FE97CE1-FEE3-4589-9B09-D34A97A3FB89}.Release|ARM.Deploy.0 = Release|ARM
		{5FE97CE1-FEE3-4589-9B09-D34A97A3FB89}.Release|ARM64.ActiveCfg = Release|ARM64
		{5FE97CE1-FEE3-4589-9B09-D34A97A3FB89}.Release|ARM64.Build.0 = Release|ARM64
		{5FE97CE1-FEE3-4589-9B09-D34A97A3FB89}.Release|ARM64.Deploy.0 = Release|ARM64
		{5FE97CE1-FEE3-4589-9B09-D34A97A3FB89}.Release|x64.ActiveCfg = Release|x64
		{5FE97CE1-FEE3-4589-9B09-D34A97A3FB89}.Release|x64.Build.0 = Release|x64
		{5FE97CE1-FEE3-4589-9B09-D34A97A3FB89}.Release|x64.Deploy.0 = Release|x64
		{5FE97CE1-FEE3-4589-9B09-D34A97A3FB89}.Release|x86.ActiveCfg = Release|x86
		{5FE97CE1-FEE3-4589-9B09-D34A97A3FB89}.Release|x86.Build.0 = Release|x86
		{5FE97CE1-FEE3-4589-9B09-D34A97A3FB89}.Release|x86.Deploy.0 = Release|x86
		{024FEE74-D77A-444A-AB64-A5D6E5D09D8F}.Debug|ARM.ActiveCfg = Debug|ARM
		{024FEE74-D77A-444A-AB64-A5D6E5D09D8F}.Debug|ARM.Build.0 = Debug|ARM
		{024FEE74-D77A-444A-AB64-A5D6E5D09D8F}.Debug|ARM.Deploy.0 = Debug|ARM
		{024FEE74-D77A-444A-AB64-A5D6E5D09D8F}.Debug|ARM64.ActiveCfg = Debug|ARM64
		{024FEE74-D77A-444A-AB64-A5D6E5D09D8F}.Debug|ARM64.Build.0 = Debug|ARM64
		{024FEE74-D77A-444A-AB64-A5D6E5D09D8F}.Debug|ARM64.Deploy.0 = Debug|ARM64
		{024FEE74-D77A-444A-AB64-A5D6E5D09D8F}.Debug|x64.ActiveCfg = Debug|x64
		{024FEE74-D77A-444A-AB64-A5D6E5D09D8F}.Debug|x64.Build.0 = Debug|x64
		{024FEE74-D77A-444A-AB64-A5D6E5D09D8F}.Debug|x64.Deploy.0 = Debug|x64
		{024FEE74-D77A-444A-AB64-A5D6E5D09D8F}.Debug|x86.ActiveCfg = Debug|x86
		{024FEE74-D77A-444A-AB64-A5D6E5D09D8F}.Debug|x86.Build.0 = Debug|x86
		{024FEE74-D77A-444A-AB64-A5D6E5D09D8F}.Debug|x86.Deploy.0 = Debug|x86
		{024FEE74-D77A-444A-AB64-A5D6E5D09D8F}.Release|ARM.ActiveCfg = Release|ARM
		{024FEE74-D77A-444A-AB64-A5D6E5D09D8F}.Release|ARM.Build.0 = Release|ARM
		{024FEE74-D77A-444A-AB64-A5D6E5D09D8F}.Release|ARM.Deploy.0 = Release|ARM
		{024FEE74-D77A-444A-AB64-A5D6E5D09D8F}.Release|ARM64.ActiveCfg = Release|ARM64
		{024FEE74-D77A-444A-AB64-A5D6E5D09D8F}.Release|ARM64.Build.0 = Release|ARM64
		{024FEE74-D77A-444A-AB64-A5D6E5D09D8F}.Release|ARM64.Deploy.0 = Release|ARM64
		{024FEE74-D77A-444A-AB64-A5D6E5D09D8F}.Release|x64.ActiveCfg = Release|x64
		{024FEE74-D77A-444A-AB64-A5D6E5D09D8F}.Release|x64.Build.0 = Release|x64
		{024FEE74-D77A-444A-AB64-A5D6E5D09D8F}.Release|x64.Deploy.0 = Release|x64
		{024FEE74-D77A-444A-AB64-A5D6E5D09D8F}.Release|x86.ActiveCfg = Release|x86
		{024FEE74-D77A-444A-AB64-A5D6E5D09D8F}.Release|x86.Build.0 = Release|x86
		{024FEE74-D77A-444A-AB64-A5D6E5D09D8F}.Release|x86.Deploy.0 = Release|x86
		{B95D2581-831D-4C62-97B6-5B912B1C55D3}.Debug|ARM.ActiveCfg = Debug|ARM
		{B95D2581-831D-4C62-97B6-5B912B1C55D3}.Debug|ARM.Build.0 = Debug|ARM
		{B95D2581-831D-4C62-97B6-5B912B1C55D3}.Debug|ARM.Deploy.0 = Debug|ARM
		{B95D2581-831D-4C62-97B6-5B912B1C55D3}.Debug|ARM64.ActiveCfg = Debug|ARM64
		{B95D2581-831D-4C62-97B6-5B912B1C55D3}.Debug|ARM64.Build.0 = Debug|ARM64
		{B95D2581-831D-4C62-97B6-5B912B1C55D3}.Debug|ARM64.Deploy.0 = Debug|ARM64
		{B95D2581-831D-4C62-97B6-5B912B1C55D3}.Debug|x64.ActiveCfg = Debug|x64
		{B95D2581-831D-4C62-97B6-5B912B1C55D3}.Debug|x64.Build.0 = Debug|x64
		{B95D2581-831D-4C62-97B6-5B912B1C55D3}.Debug|x64.Deploy.0 = Debug|x64
		{B95D2581-831D-4C62-97B6-5B912B1C55D3}.Debug|x86.ActiveCfg = Debug|x86
		{B95D2581-831D-4C62-97B6-5B912B1C55D3}.Debug|x86.Build.0 = Debug|x86
		{B95D2581-831D-4C62-97B6-5B912B1C55D3}.Debug|x86.Deploy.0 = Debug|x86
		{B95D2581-831D-4C62-97B6-5B912B1C55D3}.Release|ARM.ActiveCfg = Release|ARM
		{B95D2581-831D-4C62-97B6-5B912B1C55D3}.Release|ARM.Build.0 = Release|ARM
		{B95D2581-831D-4C62-97B6-5B912B1C55D3}.Release|ARM.Deploy.0 = Release|ARM
		{B95D2581-831D-4C62-97B6-5B912B1C55D3}.Release|ARM64.ActiveCfg = Release|ARM64
		{B95D2581-831D-4C62-97B6-5B912B1C55D3}.Release|ARM64.Build.0 = Release|ARM64
		{B95D2581-831D-4C62-97B6-5B912B1C55D3}.Release|ARM64.Deploy.0 = Release|ARM64
		{B95D2581-831D-4C62-97B6-5B912B1C55D3}.Release|x64.ActiveCfg = Release|x64
		{B95D2581-831D-4C62-97B6-5B912B1C55D3}.Release|x64.Build.0 = Release|x64
		{B95D2581-831D-4C62-97B6-5B912B1C55D3}.Release|x64.Deploy.0 = Release|x64
		{B95D2581-831D-4C62-97B6-5B912B1C55D3}.Release|x86.ActiveCfg = Release|x86
		{B95D2581-831D-4C62-97B6-5B912B1C55D3}.Release|x86.Build.0 = Release|x86
		{B95D2581-831D-4C62-97B6-5B912B1C55D3}.Release|x86.Deploy.0 = Release|x86
		{2A744F10-5532-4C9E-8D05-F0F336DF0148}.Debug|ARM.ActiveCfg = Debug|ARM
		{2A744F10-5532-4C9E-8D05-F0F336DF0148}.Debug|ARM.Build.0 = Debug|ARM
		{2A744F10-5532-4C9E-8D05-F0F336DF0148}.Debug|ARM.Deploy.0 = Debug|ARM
		{2A744F10-5532-4C9E-8D05-F0F336DF0148}.Debug|ARM64.ActiveCfg = Debug|ARM64
		{2A744F10-5532-4C9E-8D05-F0F336DF0148}.Debug|ARM64.Build.0 = Debug|ARM64
		{2A744F10-5532-4C9E-8D05-F0F336DF0148}.Debug|ARM64.Deploy.0 = Debug|ARM64
		{2A744F10-5532-4C9E-8D05-F0F336DF0148}.Debug|x64.ActiveCfg = Debug|x64
		{2A744F10-5532-4C9E-8D05-F0F336DF0148}.Debug|x64.Build.0 = Debug|x64
		{2A744F10-5532-4C9E-8D05-F0F336DF0148}.Debug|x64.Deploy.0 = Debug|x64
		{2A744F10-5532-4C9E-8D05-F0F336DF0148}.Debug|x86.ActiveCfg = Debug|x86
		{2A744F10-5532-4C9E-8D05-F0F336DF0148}.Debug|x86.Build.0 = Debug|x86
		{2A744F10-5532-4C9E-8D05-F0F336DF0148}.Debug|x86.Deploy.0 = Debug|x86
		{2A744F10-5532-4C9E-8D05-F0F336DF0148}.Release|ARM.ActiveCfg = Release|ARM
		{2A744F10-5532-4C9E-8D05-F0F336DF0148}.Release|ARM.Build.0 = Release|ARM
		{2A744F10-5532-4C9E-8D05-F0F336DF0148}.Release|ARM.Deploy.0 = Release|ARM
		{2A744F10-5532-4C9E-8D05-F0F336DF0148}.Release|ARM64.ActiveCfg = Release|ARM64
		{2A744F10-5532-4C9E-8D05-F0F336DF0148}.Release|ARM64.Build.0 = Release|ARM64
		{2A744F10-5532-4C9E-8D05-F0F336DF0148}.Release|ARM64.Deploy.0 = Release|ARM64
		{2A744F10-5532-4C9E-8D05-F0F336DF0148}.Release|x64.ActiveCfg = Release|x64
		{2A744F10-5532-4C9E-8D05-F0F336DF0148}.Release|x64.Build.0 = Release|x64
		{2A744F10-5532-4C9E-8D05-F0F336DF0148}.Release|x64.Deploy.0 = Release|x64
		{2A744F10-5532-4C9E-8D05-F0F336DF0148}.Release|x86.ActiveCfg = Release|x86
		{2A744F10-5532-4C9E-8D05-F0F336DF0148}.Release|x86.Build.0 = Release|x86
		{2A744F10-5532-4C9E-8D05-F0F336DF0148}.Release|x86.Deploy.0 = Release|x86
	EndGlobalSection
	GlobalSection(SolutionProperties) = preSolution
		HideSolutionNode = FALSE
	EndGlobalSection
	GlobalSection(NestedProjects) = preSolution
		{4FC7FCC8-062F-47FC-8F7F-D78CA15E4C9F} = {0AEF0352-3B00-4698-849E-EB82D0D32AD5}
		{F4F841C9-6A41-4810-A436-F2284BEE3836} = {0AEF0352-3B00-4698-849E-EB82D0D32AD5}
		{58009CF2-F43B-4AED-A538-167EE7A9700F} = {0AEF0352-3B00-4698-849E-EB82D0D32AD5}
		{505F655B-E522-4996-8A90-70F56AF3A0E1} = {1FAF4B0D-48FF-4846-AAA2-A58A9687ABD6}
		{5FE97CE1-FEE3-4589-9B09-D34A97A3FB89} = {1FAF4B0D-48FF-4846-AAA2-A58A9687ABD6}
		{024FEE74-D77A-444A-AB64-A5D6E5D09D8F} = {1FAF4B0D-48FF-4846-AAA2-A58A9687ABD6}
		{B95D2581-831D-4C62-97B6-5B912B1C55D3} = {642D33C1-9CBD-40F3-A6FE-39683A3DF3D5}
		{2A744F10-5532-4C9E-8D05-F0F336DF0148} = {F8875286-0F66-47FF-8EA9-BC53E122FAC8}
	EndGlobalSection
	GlobalSection(ExtensibilityGlobals) = postSolution
		SolutionGuid = {8B344F39-1156-405B-9F9E-7028DAA884AF}
	EndGlobalSection
EndGlobal
